// !$*UTF8*$!
{
	archiveVersion = 1;
	classes = {
	};
	objectVersion = 55;
	objects = {

/* Begin PBXBuildFile section */
		4C3E7DC827C34B810099B1B8 /* AppDelegate.swift in Sources */ = {isa = PBXBuildFile; fileRef = 4C3E7DC727C34B810099B1B8 /* AppDelegate.swift */; };
		4C3E7DCC27C34B810099B1B8 /* ViewController.swift in Sources */ = {isa = PBXBuildFile; fileRef = 4C3E7DCB27C34B810099B1B8 /* ViewController.swift */; };
		4C3E7DCF27C34B810099B1B8 /* Main.storyboard in Resources */ = {isa = PBXBuildFile; fileRef = 4C3E7DCD27C34B810099B1B8 /* Main.storyboard */; };
		4C3E7DD127C34B810099B1B8 /* Assets.xcassets in Resources */ = {isa = PBXBuildFile; fileRef = 4C3E7DD027C34B810099B1B8 /* Assets.xcassets */; };
		4C3E7DD427C34B810099B1B8 /* LaunchScreen.storyboard in Resources */ = {isa = PBXBuildFile; fileRef = 4C3E7DD227C34B810099B1B8 /* LaunchScreen.storyboard */; };
		4C3E7DDF27C34CF80099B1B8 /* CountDownModel.swift in Sources */ = {isa = PBXBuildFile; fileRef = 4C3E7DDC27C34CF80099B1B8 /* CountDownModel.swift */; };
		4C3E7DE027C34CF80099B1B8 /* CountDownTableController.swift in Sources */ = {isa = PBXBuildFile; fileRef = 4C3E7DDD27C34CF80099B1B8 /* CountDownTableController.swift */; };
		4C3E7DE127C34CF80099B1B8 /* CountDownCell.swift in Sources */ = {isa = PBXBuildFile; fileRef = 4C3E7DDE27C34CF80099B1B8 /* CountDownCell.swift */; };
		4C3E7DE427C3812E0099B1B8 /* TotalCountViewController.swift in Sources */ = {isa = PBXBuildFile; fileRef = 4C3E7DE327C3812E0099B1B8 /* TotalCountViewController.swift */; };
		4C3E7DE627C3815B0099B1B8 /* TotalCountCell.swift in Sources */ = {isa = PBXBuildFile; fileRef = 4C3E7DE527C3815B0099B1B8 /* TotalCountCell.swift */; };
/* End PBXBuildFile section */

/* Begin PBXFileReference section */
		0BB4900B238BE6DCB6CA54FC /* Pods-UITableView列表倒计时.debug.xcconfig */ = {isa = PBXFileReference; includeInIndex = 1; lastKnownFileType = text.xcconfig; name = "Pods-UITableView列表倒计时.debug.xcconfig"; path = "Target Support Files/Pods-UITableView列表倒计时/Pods-UITableView列表倒计时.debug.xcconfig"; sourceTree = "<group>"; };
		2684104C02A7BE2EB44E3920 /* Pods_UITableView_____.framework */ = {isa = PBXFileReference; explicitFileType = wrapper.framework; includeInIndex = 0; path = "Pods_UITableView_____.framework"; sourceTree = BUILT_PRODUCTS_DIR; };
		4C3E7DC427C34B810099B1B8 /* UITableView列表倒计时.app */ = {isa = PBXFileReference; explicitFileType = wrapper.application; includeInIndex = 0; path = "UITableView列表倒计时.app"; sourceTree = BUILT_PRODUCTS_DIR; };
		4C3E7DC727C34B810099B1B8 /* AppDelegate.swift */ = {isa = PBXFileReference; lastKnownFileType = sourcecode.swift; path = AppDelegate.swift; sourceTree = "<group>"; };
		4C3E7DCB27C34B810099B1B8 /* ViewController.swift */ = {isa = PBXFileReference; lastKnownFileType = sourcecode.swift; path = ViewController.swift; sourceTree = "<group>"; };
		4C3E7DCE27C34B810099B1B8 /* Base */ = {isa = PBXFileReference; lastKnownFileType = file.storyboard; name = Base; path = Base.lproj/Main.storyboard; sourceTree = "<group>"; };
		4C3E7DD027C34B810099B1B8 /* Assets.xcassets */ = {isa = PBXFileReference; lastKnownFileType = folder.assetcatalog; path = Assets.xcassets; sourceTree = "<group>"; };
		4C3E7DD327C34B810099B1B8 /* Base */ = {isa = PBXFileReference; lastKnownFileType = file.storyboard; name = Base; path = Base.lproj/LaunchScreen.storyboard; sourceTree = "<group>"; };
		4C3E7DD527C34B810099B1B8 /* Info.plist */ = {isa = PBXFileReference; lastKnownFileType = text.plist.xml; path = Info.plist; sourceTree = "<group>"; };
		4C3E7DDC27C34CF80099B1B8 /* CountDownModel.swift */ = {isa = PBXFileReference; fileEncoding = 4; lastKnownFileType = sourcecode.swift; path = CountDownModel.swift; sourceTree = "<group>"; };
		4C3E7DDD27C34CF80099B1B8 /* CountDownTableController.swift */ = {isa = PBXFileReference; fileEncoding = 4; lastKnownFileType = sourcecode.swift; path = CountDownTableController.swift; sourceTree = "<group>"; };
		4C3E7DDE27C34CF80099B1B8 /* CountDownCell.swift */ = {isa = PBXFileReference; fileEncoding = 4; lastKnownFileType = sourcecode.swift; path = CountDownCell.swift; sourceTree = "<group>"; };
		4C3E7DE327C3812E0099B1B8 /* TotalCountViewController.swift */ = {isa = PBXFileReference; lastKnownFileType = sourcecode.swift; path = TotalCountViewController.swift; sourceTree = "<group>"; };
		4C3E7DE527C3815B0099B1B8 /* TotalCountCell.swift */ = {isa = PBXFileReference; lastKnownFileType = sourcecode.swift; path = TotalCountCell.swift; sourceTree = "<group>"; };
		B4FD46EFDA31B70D14BC4B17 /* Pods-UITableView列表倒计时.release.xcconfig */ = {isa = PBXFileReference; includeInIndex = 1; lastKnownFileType = text.xcconfig; name = "Pods-UITableView列表倒计时.release.xcconfig"; path = "Target Support Files/Pods-UITableView列表倒计时/Pods-UITableView列表倒计时.release.xcconfig"; sourceTree = "<group>"; };
/* End PBXFileReference section */

/* Begin PBXFrameworksBuildPhase section */
		4C3E7DC127C34B810099B1B8 /* Frameworks */ = {
			isa = PBXFrameworksBuildPhase;
			buildActionMask = 2147483647;
			files = (
			);
			runOnlyForDeploymentPostprocessing = 0;
		};
/* End PBXFrameworksBuildPhase section */

/* Begin PBXGroup section */
		1F3C99E1FDB3A0FD863D6EB9 /* Frameworks */ = {
			isa = PBXGroup;
			children = (
				2684104C02A7BE2EB44E3920 /* Pods_UITableView_____.framework */,
			);
			name = Frameworks;
			sourceTree = "<group>";
		};
		4C3E7DBB27C34B810099B1B8 = {
			isa = PBXGroup;
			children = (
				4C3E7DC627C34B810099B1B8 /* UITableView列表倒计时 */,
				4C3E7DC527C34B810099B1B8 /* Products */,
				F27EB22583B82650121A628F /* Pods */,
				1F3C99E1FDB3A0FD863D6EB9 /* Frameworks */,
			);
			sourceTree = "<group>";
		};
		4C3E7DC527C34B810099B1B8 /* Products */ = {
			isa = PBXGroup;
			children = (
				4C3E7DC427C34B810099B1B8 /* UITableView列表倒计时.app */,
			);
			name = Products;
			sourceTree = "<group>";
		};
		4C3E7DC627C34B810099B1B8 /* UITableView列表倒计时 */ = {
			isa = PBXGroup;
			children = (
				4C3E7DC727C34B810099B1B8 /* AppDelegate.swift */,
				4C3E7DCB27C34B810099B1B8 /* ViewController.swift */,
				4C3E7DDC27C34CF80099B1B8 /* CountDownModel.swift */,
				4C3E7DE227C380F00099B1B8 /* 方式二 */,
				4C3E7DDB27C34CF80099B1B8 /* 方式一 */,
				4C3E7DCD27C34B810099B1B8 /* Main.storyboard */,
				4C3E7DD027C34B810099B1B8 /* Assets.xcassets */,
				4C3E7DD227C34B810099B1B8 /* LaunchScreen.storyboard */,
				4C3E7DD527C34B810099B1B8 /* Info.plist */,
			);
			path = "UITableView列表倒计时";
			sourceTree = "<group>";
		};
		4C3E7DDB27C34CF80099B1B8 /* 方式一 */ = {
			isa = PBXGroup;
			children = (
				4C3E7DDD27C34CF80099B1B8 /* CountDownTableController.swift */,
				4C3E7DDE27C34CF80099B1B8 /* CountDownCell.swift */,
			);
			path = "方式一";
			sourceTree = "<group>";
		};
		4C3E7DE227C380F00099B1B8 /* 方式二 */ = {
			isa = PBXGroup;
			children = (
				4C3E7DE327C3812E0099B1B8 /* TotalCountViewController.swift */,
				4C3E7DE527C3815B0099B1B8 /* TotalCountCell.swift */,
			);
			path = "方式二";
			sourceTree = "<group>";
		};
		F27EB22583B82650121A628F /* Pods */ = {
			isa = PBXGroup;
			children = (
				0BB4900B238BE6DCB6CA54FC /* Pods-UITableView列表倒计时.debug.xcconfig */,
				B4FD46EFDA31B70D14BC4B17 /* Pods-UITableView列表倒计时.release.xcconfig */,
			);
			path = Pods;
			sourceTree = "<group>";
		};
/* End PBXGroup section */

/* Begin PBXNativeTarget section */
		4C3E7DC327C34B810099B1B8 /* UITableView列表倒计时 */ = {
			isa = PBXNativeTarget;
			buildConfigurationList = 4C3E7DD827C34B810099B1B8 /* Build configuration list for PBXNativeTarget "UITableView列表倒计时" */;
			buildPhases = (
				2AF2BA7D1FB45642D2BC98C7 /* [CP] Check Pods Manifest.lock */,
				4C3E7DC027C34B810099B1B8 /* Sources */,
				4C3E7DC127C34B810099B1B8 /* Frameworks */,
				4C3E7DC227C34B810099B1B8 /* Resources */,
				3B842730841BFA7776EF1286 /* [CP] Embed Pods Frameworks */,
			);
			buildRules = (
			);
			dependencies = (
			);
			name = "UITableView列表倒计时";
			productName = "UITableView列表倒计时";
			productReference = 4C3E7DC427C34B810099B1B8 /* UITableView列表倒计时.app */;
			productType = "com.apple.product-type.application";
		};
/* End PBXNativeTarget section */

/* Begin PBXProject section */
		4C3E7DBC27C34B810099B1B8 /* Project object */ = {
			isa = PBXProject;
			attributes = {
				BuildIndependentTargetsInParallel = 1;
				LastSwiftUpdateCheck = 1320;
				LastUpgradeCheck = 1320;
				TargetAttributes = {
					4C3E7DC327C34B810099B1B8 = {
						CreatedOnToolsVersion = 13.2;
					};
				};
			};
			buildConfigurationList = 4C3E7DBF27C34B810099B1B8 /* Build configuration list for PBXProject "UITableView列表倒计时" */;
			compatibilityVersion = "Xcode 13.0";
			developmentRegion = en;
			hasScannedForEncodings = 0;
			knownRegions = (
				en,
				Base,
			);
			mainGroup = 4C3E7DBB27C34B810099B1B8;
			productRefGroup = 4C3E7DC527C34B810099B1B8 /* Products */;
			projectDirPath = "";
			projectRoot = "";
			targets = (
				4C3E7DC327C34B810099B1B8 /* UITableView列表倒计时 */,
			);
		};
/* End PBXProject section */

/* Begin PBXResourcesBuildPhase section */
		4C3E7DC227C34B810099B1B8 /* Resources */ = {
			isa = PBXResourcesBuildPhase;
			buildActionMask = 2147483647;
			files = (
				4C3E7DD427C34B810099B1B8 /* LaunchScreen.storyboard in Resources */,
				4C3E7DD127C34B810099B1B8 /* Assets.xcassets in Resources */,
				4C3E7DCF27C34B810099B1B8 /* Main.storyboard in Resources */,
			);
			runOnlyForDeploymentPostprocessing = 0;
		};
/* End PBXResourcesBuildPhase section */

/* Begin PBXShellScriptBuildPhase section */
		2AF2BA7D1FB45642D2BC98C7 /* [CP] Check Pods Manifest.lock */ = {
			isa = PBXShellScriptBuildPhase;
			buildActionMask = 2147483647;
			files = (
			);
			inputFileListPaths = (
			);
			inputPaths = (
				"${PODS_PODFILE_DIR_PATH}/Podfile.lock",
				"${PODS_ROOT}/Manifest.lock",
			);
			name = "[CP] Check Pods Manifest.lock";
			outputFileListPaths = (
			);
			outputPaths = (
				"$(DERIVED_FILE_DIR)/Pods-UITableView列表倒计时-checkManifestLockResult.txt",
			);
			runOnlyForDeploymentPostprocessing = 0;
			shellPath = /bin/sh;
			shellScript = "diff \"${PODS_PODFILE_DIR_PATH}/Podfile.lock\" \"${PODS_ROOT}/Manifest.lock\" > /dev/null\nif [ $? != 0 ] ; then\n    # print error to STDERR\n    echo \"error: The sandbox is not in sync with the Podfile.lock. Run 'pod install' or update your CocoaPods installation.\" >&2\n    exit 1\nfi\n# This output is used by Xcode 'outputs' to avoid re-running this script phase.\necho \"SUCCESS\" > \"${SCRIPT_OUTPUT_FILE_0}\"\n";
			showEnvVarsInLog = 0;
		};
		3B842730841BFA7776EF1286 /* [CP] Embed Pods Frameworks */ = {
			isa = PBXShellScriptBuildPhase;
			buildActionMask = 2147483647;
			files = (
			);
			inputFileListPaths = (
				"${PODS_ROOT}/Target Support Files/Pods-UITableView列表倒计时/Pods-UITableView列表倒计时-frameworks-${CONFIGURATION}-input-files.xcfilelist",
			);
			name = "[CP] Embed Pods Frameworks";
			outputFileListPaths = (
				"${PODS_ROOT}/Target Support Files/Pods-UITableView列表倒计时/Pods-UITableView列表倒计时-frameworks-${CONFIGURATION}-output-files.xcfilelist",
			);
			runOnlyForDeploymentPostprocessing = 0;
			shellPath = /bin/sh;
			shellScript = "\"${PODS_ROOT}/Target Support Files/Pods-UITableView列表倒计时/Pods-UITableView列表倒计时-frameworks.sh\"\n";
			showEnvVarsInLog = 0;
		};
/* End PBXShellScriptBuildPhase section */

/* Begin PBXSourcesBuildPhase section */
		4C3E7DC027C34B810099B1B8 /* Sources */ = {
			isa = PBXSourcesBuildPhase;
			buildActionMask = 2147483647;
			files = (
				4C3E7DE627C3815B0099B1B8 /* TotalCountCell.swift in Sources */,
				4C3E7DCC27C34B810099B1B8 /* ViewController.swift in Sources */,
				4C3E7DE127C34CF80099B1B8 /* CountDownCell.swift in Sources */,
				4C3E7DC827C34B810099B1B8 /* AppDelegate.swift in Sources */,
				4C3E7DE427C3812E0099B1B8 /* TotalCountViewController.swift in Sources */,
				4C3E7DE027C34CF80099B1B8 /* CountDownTableController.swift in Sources */,
				4C3E7DDF27C34CF80099B1B8 /* CountDownModel.swift in Sources */,
			);
			runOnlyForDeploymentPostprocessing = 0;
		};
/* End PBXSourcesBuildPhase section */

/* Begin PBXVariantGroup section */
		4C3E7DCD27C34B810099B1B8 /* Main.storyboard */ = {
			isa = PBXVariantGroup;
			children = (
				4C3E7DCE27C34B810099B1B8 /* Base */,
			);
			name = Main.storyboard;
			sourceTree = "<group>";
		};
		4C3E7DD227C34B810099B1B8 /* LaunchScreen.storyboard */ = {
			isa = PBXVariantGroup;
			children = (
				4C3E7DD327C34B810099B1B8 /* Base */,
			);
			name = LaunchScreen.storyboard;
			sourceTree = "<group>";
		};
/* End PBXVariantGroup section */

/* Begin XCBuildConfiguration section */
		4C3E7DD627C34B810099B1B8 /* Debug */ = {
			isa = XCBuildConfiguration;
			buildSettings = {
				ALWAYS_SEARCH_USER_PATHS = NO;
				CLANG_ANALYZER_NONNULL = YES;
				CLANG_ANALYZER_NUMBER_OBJECT_CONVERSION = YES_AGGRESSIVE;
				CLANG_CXX_LANGUAGE_STANDARD = "gnu++17";
				CLANG_CXX_LIBRARY = "libc++";
				CLANG_ENABLE_MODULES = YES;
				CLANG_ENABLE_OBJC_ARC = YES;
				CLANG_ENABLE_OBJC_WEAK = YES;
				CLANG_WARN_BLOCK_CAPTURE_AUTORELEASING = YES;
				CLANG_WARN_BOOL_CONVERSION = YES;
				CLANG_WARN_COMMA = YES;
				CLANG_WARN_CONSTANT_CONVERSION = YES;
				CLANG_WARN_DEPRECATED_OBJC_IMPLEMENTATIONS = YES;
				CLANG_WARN_DIRECT_OBJC_ISA_USAGE = YES_ERROR;
				CLANG_WARN_DOCUMENTATION_COMMENTS = YES;
				CLANG_WARN_EMPTY_BODY = YES;
				CLANG_WARN_ENUM_CONVERSION = YES;
				CLANG_WARN_INFINITE_RECURSION = YES;
				CLANG_WARN_INT_CONVERSION = YES;
				CLANG_WARN_NON_LITERAL_NULL_CONVERSION = YES;
				CLANG_WARN_OBJC_IMPLICIT_RETAIN_SELF = YES;
				CLANG_WARN_OBJC_LITERAL_CONVERSION = YES;
				CLANG_WARN_OBJC_ROOT_CLASS = YES_ERROR;
				CLANG_WARN_QUOTED_INCLUDE_IN_FRAMEWORK_HEADER = YES;
				CLANG_WARN_RANGE_LOOP_ANALYSIS = YES;
				CLANG_WARN_STRICT_PROTOTYPES = YES;
				CLANG_WARN_SUSPICIOUS_MOVE = YES;
				CLANG_WARN_UNGUARDED_AVAILABILITY = YES_AGGRESSIVE;
				CLANG_WARN_UNREACHABLE_CODE = YES;
				CLANG_WARN__DUPLICATE_METHOD_MATCH = YES;
				COPY_PHASE_STRIP = NO;
				DEBUG_INFORMATION_FORMAT = dwarf;
				ENABLE_STRICT_OBJC_MSGSEND = YES;
				ENABLE_TESTABILITY = YES;
				GCC_C_LANGUAGE_STANDARD = gnu11;
				GCC_DYNAMIC_NO_PIC = NO;
				GCC_NO_COMMON_BLOCKS = YES;
				GCC_OPTIMIZATION_LEVEL = 0;
				GCC_PREPROCESSOR_DEFINITIONS = (
					"DEBUG=1",
					"$(inherited)",
				);
				GCC_WARN_64_TO_32_BIT_CONVERSION = YES;
				GCC_WARN_ABOUT_RETURN_TYPE = YES_ERROR;
				GCC_WARN_UNDECLARED_SELECTOR = YES;
				GCC_WARN_UNINITIALIZED_AUTOS = YES_AGGRESSIVE;
				GCC_WARN_UNUSED_FUNCTION = YES;
				GCC_WARN_UNUSED_VARIABLE = YES;
				IPHONEOS_DEPLOYMENT_TARGET = 15.2;
				MTL_ENABLE_DEBUG_INFO = INCLUDE_SOURCE;
				MTL_FAST_MATH = YES;
				ONLY_ACTIVE_ARCH = YES;
				SDKROOT = iphoneos;
				SWIFT_ACTIVE_COMPILATION_CONDITIONS = DEBUG;
				SWIFT_OPTIMIZATION_LEVEL = "-Onone";
			};
			name = Debug;
		};
		4C3E7DD727C34B810099B1B8 /* Release */ = {
			isa = XCBuildConfiguration;
			buildSettings = {
				ALWAYS_SEARCH_USER_PATHS = NO;
				CLANG_ANALYZER_NONNULL = YES;
				CLANG_ANALYZER_NUMBER_OBJECT_CONVERSION = YES_AGGRESSIVE;
				CLANG_CXX_LANGUAGE_STANDARD = "gnu++17";
				CLANG_CXX_LIBRARY = "libc++";
				CLANG_ENABLE_MODULES = YES;
				CLANG_ENABLE_OBJC_ARC = YES;
				CLANG_ENABLE_OBJC_WEAK = YES;
				CLANG_WARN_BLOCK_CAPTURE_AUTORELEASING = YES;
				CLANG_WARN_BOOL_CONVERSION = YES;
				CLANG_WARN_COMMA = YES;
				CLANG_WARN_CONSTANT_CONVERSION = YES;
				CLANG_WARN_DEPRECATED_OBJC_IMPLEMENTATIONS = YES;
				CLANG_WARN_DIRECT_OBJC_ISA_USAGE = YES_ERROR;
				CLANG_WARN_DOCUMENTATION_COMMENTS = YES;
				CLANG_WARN_EMPTY_BODY = YES;
				CLANG_WARN_ENUM_CONVERSION = YES;
				CLANG_WARN_INFINITE_RECURSION = YES;
				CLANG_WARN_INT_CONVERSION = YES;
				CLANG_WARN_NON_LITERAL_NULL_CONVERSION = YES;
				CLANG_WARN_OBJC_IMPLICIT_RETAIN_SELF = YES;
				CLANG_WARN_OBJC_LITERAL_CONVERSION = YES;
				CLANG_WARN_OBJC_ROOT_CLASS = YES_ERROR;
				CLANG_WARN_QUOTED_INCLUDE_IN_FRAMEWORK_HEADER = YES;
				CLANG_WARN_RANGE_LOOP_ANALYSIS = YES;
				CLANG_WARN_STRICT_PROTOTYPES = YES;
				CLANG_WARN_SUSPICIOUS_MOVE = YES;
				CLANG_WARN_UNGUARDED_AVAILABILITY = YES_AGGRESSIVE;
				CLANG_WARN_UNREACHABLE_CODE = YES;
				CLANG_WARN__DUPLICATE_METHOD_MATCH = YES;
				COPY_PHASE_STRIP = NO;
				DEBUG_INFORMATION_FORMAT = "dwarf-with-dsym";
				ENABLE_NS_ASSERTIONS = NO;
				ENABLE_STRICT_OBJC_MSGSEND = YES;
				GCC_C_LANGUAGE_STANDARD = gnu11;
				GCC_NO_COMMON_BLOCKS = YES;
				GCC_WARN_64_TO_32_BIT_CONVERSION = YES;
				GCC_WARN_ABOUT_RETURN_TYPE = YES_ERROR;
				GCC_WARN_UNDECLARED_SELECTOR = YES;
				GCC_WARN_UNINITIALIZED_AUTOS = YES_AGGRESSIVE;
				GCC_WARN_UNUSED_FUNCTION = YES;
				GCC_WARN_UNUSED_VARIABLE = YES;
				IPHONEOS_DEPLOYMENT_TARGET = 15.2;
				MTL_ENABLE_DEBUG_INFO = NO;
				MTL_FAST_MATH = YES;
				SDKROOT = iphoneos;
				SWIFT_COMPILATION_MODE = wholemodule;
				SWIFT_OPTIMIZATION_LEVEL = "-O";
				VALIDATE_PRODUCT = YES;
			};
			name = Release;
		};
		4C3E7DD927C34B810099B1B8 /* Debug */ = {
			isa = XCBuildConfiguration;
			baseConfigurationReference = 0BB4900B238BE6DCB6CA54FC /* Pods-UITableView列表倒计时.debug.xcconfig */;
			buildSettings = {
				ASSETCATALOG_COMPILER_APPICON_NAME = AppIcon;
				ASSETCATALOG_COMPILER_GLOBAL_ACCENT_COLOR_NAME = AccentColor;
				CODE_SIGN_STYLE = Automatic;
				CURRENT_PROJECT_VERSION = 1;
				DEVELOPMENT_TEAM = U6UNEH5N3U;
				GENERATE_INFOPLIST_FILE = YES;
				INFOPLIST_FILE = "UITableView列表倒计时/Info.plist";
				INFOPLIST_KEY_UIApplicationSupportsIndirectInputEvents = YES;
				INFOPLIST_KEY_UILaunchStoryboardName = LaunchScreen;
				INFOPLIST_KEY_UIMainStoryboardFile = Main;
				INFOPLIST_KEY_UISupportedInterfaceOrientations_iPad = "UIInterfaceOrientationPortrait UIInterfaceOrientationPortraitUpsideDown UIInterfaceOrientationLandscapeLeft UIInterfaceOrientationLandscapeRight";
				INFOPLIST_KEY_UISupportedInterfaceOrientations_iPhone = "UIInterfaceOrientationPortrait UIInterfaceOrientationLandscapeLeft UIInterfaceOrientationLandscapeRight";
				IPHONEOS_DEPLOYMENT_TARGET = 11.0;
				LD_RUNPATH_SEARCH_PATHS = (
					"$(inherited)",
					"@executable_path/Frameworks",
				);
				MARKETING_VERSION = 1.0;
				PRODUCT_BUNDLE_IDENTIFIER = "com.czm.UITableView-----";
				PRODUCT_NAME = "$(TARGET_NAME)";
				SWIFT_EMIT_LOC_STRINGS = YES;
				SWIFT_VERSION = 5.0;
				TARGETED_DEVICE_FAMILY = "1,2";
			};
			name = Debug;
		};
		4C3E7DDA27C34B810099B1B8 /* Release */ = {
			isa = XCBuildConfiguration;
			baseConfigurationReference = B4FD46EFDA31B70D14BC4B17 /* Pods-UITableView列表倒计时.release.xcconfig */;
			buildSettings = {
				ASSETCATALOG_COMPILER_APPICON_NAME = AppIcon;
				ASSETCATALOG_COMPILER_GLOBAL_ACCENT_COLOR_NAME = AccentColor;
				CODE_SIGN_STYLE = Automatic;
				CURRENT_PROJECT_VERSION = 1;
				DEVELOPMENT_TEAM = U6UNEH5N3U;
				GENERATE_INFOPLIST_FILE = YES;
				INFOPLIST_FILE = "UITableView列表倒计时/Info.plist";
				INFOPLIST_KEY_UIApplicationSupportsIndirectInputEvents = YES;
				INFOPLIST_KEY_UILaunchStoryboardName = LaunchScreen;
				INFOPLIST_KEY_UIMainStoryboardFile = Main;
				INFOPLIST_KEY_UISupportedInterfaceOrientations_iPad = "UIInterfaceOrientationPortrait UIInterfaceOrientationPortraitUpsideDown UIInterfaceOrientationLandscapeLeft UIInterfaceOrientationLandscapeRight";
				INFOPLIST_KEY_UISupportedInterfaceOrientations_iPhone = "UIInterfaceOrientationPortrait UIInterfaceOrientationLandscapeLeft UIInterfaceOrientationLandscapeRight";
				IPHONEOS_DEPLOYMENT_TARGET = 11.0;
				LD_RUNPATH_SEARCH_PATHS = (
					"$(inherited)",
					"@executable_path/Frameworks",
				);
				MARKETING_VERSION = 1.0;
				PRODUCT_BUNDLE_IDENTIFIER = "com.czm.UITableView-----";
				PRODUCT_NAME = "$(TARGET_NAME)";
				SWIFT_EMIT_LOC_STRINGS = YES;
				SWIFT_VERSION = 5.0;
				TARGETED_DEVICE_FAMILY = "1,2";
			};
			name = Release;
		};
/* End XCBuildConfiguration section */

/* Begin XCConfigurationList section */
		4C3E7DBF27C34B810099B1B8 /* Build configuration list for PBXProject "UITableView列表倒计时" */ = {
			isa = XCConfigurationList;
			buildConfigurations = (
				4C3E7DD627C34B810099B1B8 /* Debug */,
				4C3E7DD727C34B810099B1B8 /* Release */,
			);
			defaultConfigurationIsVisible = 0;
			defaultConfigurationName = Release;
		};
		4C3E7DD827C34B810099B1B8 /* Build configuration list for PBXNativeTarget "UITableView列表倒计时" */ = {
			isa = XCConfigurationList;
			buildConfigurations = (
				4C3E7DD927C34B810099B1B8 /* Debug */,
				4C3E7DDA27C34B810099B1B8 /* Release */,
			);
			defaultConfigurationIsVisible = 0;
			defaultConfigurationName = Release;
		};
/* End XCConfigurationList section */
	};
	rootObject = 4C3E7DBC27C34B810099B1B8 /* Project object */;
}
